
Microsoft Visual Studio Solution File, Format Version 12.00
# Visual Studio 15
VisualStudioVersion = 15.0.26730.16
MinimumVisualStudioVersion = 10.0.40219.1
Project("{D954291E-2A0B-460D-934E-DC6B0785DB48}") = "Kassensystem_v2._0", "Kassensystem_v2.0\Kassensystem_v2._0\Kassensystem_v2._0.shproj", "{CA6E5BB0-3C7E-43CF-A6F0-B0B45A26D324}"
EndProject
Project("{FAE04EC0-301F-11D3-BF4B-00C04F79EFBC}") = "Kassensystem_v2._0.Android", "Kassensystem_v2.0\Kassensystem_v2._0.Android\Kassensystem_v2._0.Android.csproj", "{5E3711B9-D47D-42BF-92B0-40960D7BC947}"
EndProject
Project("{FAE04EC0-301F-11D3-BF4B-00C04F79EFBC}") = "Kassensystem_v2._0.iOS", "Kassensystem_v2.0\Kassensystem_v2._0.iOS\Kassensystem_v2._0.iOS.csproj", "{A236F824-DB6F-46C5-81A3-E023AD0EA591}"
EndProject
Project("{FAE04EC0-301F-11D3-BF4B-00C04F79EFBC}") = "Kassensystem_v2._0.UWP", "Kassensystem_v2.0\Kassensystem_v2._0.UWP\Kassensystem_v2._0.UWP.csproj", "{FF5A678F-CB5D-4747-83FE-5A82E4B577E1}"
EndProject
Global
	GlobalSection(SharedMSBuildProjectFiles) = preSolution
		Kassensystem_v2.0\Kassensystem_v2._0\Kassensystem_v2._0.projitems*{5e3711b9-d47d-42bf-92b0-40960d7bc947}*SharedItemsImports = 4
		Kassensystem_v2.0\Kassensystem_v2._0\Kassensystem_v2._0.projitems*{a236f824-db6f-46c5-81a3-e023ad0ea591}*SharedItemsImports = 4
		Kassensystem_v2.0\Kassensystem_v2._0\Kassensystem_v2._0.projitems*{ca6e5bb0-3c7e-43cf-a6f0-b0b45a26d324}*SharedItemsImports = 13
	EndGlobalSection
	GlobalSection(SolutionConfigurationPlatforms) = preSolution
		Ad-Hoc|Any CPU = Ad-Hoc|Any CPU
		Ad-Hoc|ARM = Ad-Hoc|ARM
		Ad-Hoc|iPhone = Ad-Hoc|iPhone
		Ad-Hoc|iPhoneSimulator = Ad-Hoc|iPhoneSimulator
		Ad-Hoc|x64 = Ad-Hoc|x64
		Ad-Hoc|x86 = Ad-Hoc|x86
		AppStore|Any CPU = AppStore|Any CPU
		AppStore|ARM = AppStore|ARM
		AppStore|iPhone = AppStore|iPhone
		AppStore|iPhoneSimulator = AppStore|iPhoneSimulator
		AppStore|x64 = AppStore|x64
		AppStore|x86 = AppStore|x86
		Debug|Any CPU = Debug|Any CPU
		Debug|ARM = Debug|ARM
		Debug|iPhone = Debug|iPhone
		Debug|iPhoneSimulator = Debug|iPhoneSimulator
		Debug|x64 = Debug|x64
		Debug|x86 = Debug|x86
		Release|Any CPU = Release|Any CPU
		Release|ARM = Release|ARM
		Release|iPhone = Release|iPhone
		Release|iPhoneSimulator = Release|iPhoneSimulator
		Release|x64 = Release|x64
		Release|x86 = Release|x86
	EndGlobalSection
	GlobalSection(ProjectConfigurationPlatforms) = postSolution
		{5E3711B9-D47D-42BF-92B0-40960D7BC947}.Ad-Hoc|Any CPU.ActiveCfg = Release|Any CPU
		{5E3711B9-D47D-42BF-92B0-40960D7BC947}.Ad-Hoc|Any CPU.Build.0 = Release|Any CPU
		{5E3711B9-D47D-42BF-92B0-40960D7BC947}.Ad-Hoc|Any CPU.Deploy.0 = Release|Any CPU
		{5E3711B9-D47D-42BF-92B0-40960D7BC947}.Ad-Hoc|ARM.ActiveCfg = Release|Any CPU
		{5E3711B9-D47D-42BF-92B0-40960D7BC947}.Ad-Hoc|ARM.Build.0 = Release|Any CPU
		{5E3711B9-D47D-42BF-92B0-40960D7BC947}.Ad-Hoc|ARM.Deploy.0 = Release|Any CPU
		{5E3711B9-D47D-42BF-92B0-40960D7BC947}.Ad-Hoc|iPhone.ActiveCfg = Release|Any CPU
		{5E3711B9-D47D-42BF-92B0-40960D7BC947}.Ad-Hoc|iPhone.Build.0 = Release|Any CPU
		{5E3711B9-D47D-42BF-92B0-40960D7BC947}.Ad-Hoc|iPhone.Deploy.0 = Release|Any CPU
		{5E3711B9-D47D-42BF-92B0-40960D7BC947}.Ad-Hoc|iPhoneSimulator.ActiveCfg = Release|Any CPU
		{5E3711B9-D47D-42BF-92B0-40960D7BC947}.Ad-Hoc|iPhoneSimulator.Build.0 = Release|Any CPU
		{5E3711B9-D47D-42BF-92B0-40960D7BC947}.Ad-Hoc|iPhoneSimulator.Deploy.0 = Release|Any CPU
		{5E3711B9-D47D-42BF-92B0-40960D7BC947}.Ad-Hoc|x64.ActiveCfg = Release|Any CPU
		{5E3711B9-D47D-42BF-92B0-40960D7BC947}.Ad-Hoc|x64.Build.0 = Release|Any CPU
		{5E3711B9-D47D-42BF-92B0-40960D7BC947}.Ad-Hoc|x64.Deploy.0 = Release|Any CPU
		{5E3711B9-D47D-42BF-92B0-40960D7BC947}.Ad-Hoc|x86.ActiveCfg = Release|Any CPU
		{5E3711B9-D47D-42BF-92B0-40960D7BC947}.Ad-Hoc|x86.Build.0 = Release|Any CPU
		{5E3711B9-D47D-42BF-92B0-40960D7BC947}.Ad-Hoc|x86.Deploy.0 = Release|Any CPU
		{5E3711B9-D47D-42BF-92B0-40960D7BC947}.AppStore|Any CPU.ActiveCfg = Release|Any CPU
		{5E3711B9-D47D-42BF-92B0-40960D7BC947}.AppStore|Any CPU.Build.0 = Release|Any CPU
		{5E3711B9-D47D-42BF-92B0-40960D7BC947}.AppStore|Any CPU.Deploy.0 = Release|Any CPU
		{5E3711B9-D47D-42BF-92B0-40960D7BC947}.AppStore|ARM.ActiveCfg = Release|Any CPU
		{5E3711B9-D47D-42BF-92B0-40960D7BC947}.AppStore|ARM.Build.0 = Release|Any CPU
		{5E3711B9-D47D-42BF-92B0-40960D7BC947}.AppStore|ARM.Deploy.0 = Release|Any CPU
		{5E3711B9-D47D-42BF-92B0-40960D7BC947}.AppStore|iPhone.ActiveCfg = Release|Any CPU
		{5E3711B9-D47D-42BF-92B0-40960D7BC947}.AppStore|iPhone.Build.0 = Release|Any CPU
		{5E3711B9-D47D-42BF-92B0-40960D7BC947}.AppStore|iPhone.Deploy.0 = Release|Any CPU
		{5E3711B9-D47D-42BF-92B0-40960D7BC947}.AppStore|iPhoneSimulator.ActiveCfg = Release|Any CPU
		{5E3711B9-D47D-42BF-92B0-40960D7BC947}.AppStore|iPhoneSimulator.Build.0 = Release|Any CPU
		{5E3711B9-D47D-42BF-92B0-40960D7BC947}.AppStore|iPhoneSimulator.Deploy.0 = Release|Any CPU
		{5E3711B9-D47D-42BF-92B0-40960D7BC947}.AppStore|x64.ActiveCfg = Release|Any CPU
		{5E3711B9-D47D-42BF-92B0-40960D7BC947}.AppStore|x64.Build.0 = Release|Any CPU
		{5E3711B9-D47D-42BF-92B0-40960D7BC947}.AppStore|x64.Deploy.0 = Release|Any CPU
		{5E3711B9-D47D-42BF-92B0-40960D7BC947}.AppStore|x86.ActiveCfg = Release|Any CPU
		{5E3711B9-D47D-42BF-92B0-40960D7BC947}.AppStore|x86.Build.0 = Release|Any CPU
		{5E3711B9-D47D-42BF-92B0-40960D7BC947}.AppStore|x86.Deploy.0 = Release|Any CPU
		{5E3711B9-D47D-42BF-92B0-40960D7BC947}.Debug|Any CPU.ActiveCfg = Debug|Any CPU
		{5E3711B9-D47D-42BF-92B0-40960D7BC947}.Debug|Any CPU.Build.0 = Debug|Any CPU
		{5E3711B9-D47D-42BF-92B0-40960D7BC947}.Debug|Any CPU.Deploy.0 = Debug|Any CPU
		{5E3711B9-D47D-42BF-92B0-40960D7BC947}.Debug|ARM.ActiveCfg = Debug|Any CPU
		{5E3711B9-D47D-42BF-92B0-40960D7BC947}.Debug|ARM.Build.0 = Debug|Any CPU
		{5E3711B9-D47D-42BF-92B0-40960D7BC947}.Debug|ARM.Deploy.0 = Debug|Any CPU
		{5E3711B9-D47D-42BF-92B0-40960D7BC947}.Debug|iPhone.ActiveCfg = Debug|Any CPU
		{5E3711B9-D47D-42BF-92B0-40960D7BC947}.Debug|iPhone.Build.0 = Debug|Any CPU
		{5E3711B9-D47D-42BF-92B0-40960D7BC947}.Debug|iPhone.Deploy.0 = Debug|Any CPU
		{5E3711B9-D47D-42BF-92B0-40960D7BC947}.Debug|iPhoneSimulator.ActiveCfg = Debug|Any CPU
		{5E3711B9-D47D-42BF-92B0-40960D7BC947}.Debug|iPhoneSimulator.Build.0 = Debug|Any CPU
		{5E3711B9-D47D-42BF-92B0-40960D7BC947}.Debug|iPhoneSimulator.Deploy.0 = Debug|Any CPU
		{5E3711B9-D47D-42BF-92B0-40960D7BC947}.Debug|x64.ActiveCfg = Debug|Any CPU
		{5E3711B9-D47D-42BF-92B0-40960D7BC947}.Debug|x64.Build.0 = Debug|Any CPU
		{5E3711B9-D47D-42BF-92B0-40960D7BC947}.Debug|x64.Deploy.0 = Debug|Any CPU
		{5E3711B9-D47D-42BF-92B0-40960D7BC947}.Debug|x86.ActiveCfg = Debug|Any CPU
		{5E3711B9-D47D-42BF-92B0-40960D7BC947}.Debug|x86.Build.0 = Debug|Any CPU
		{5E3711B9-D47D-42BF-92B0-40960D7BC947}.Debug|x86.Deploy.0 = Debug|Any CPU
		{5E3711B9-D47D-42BF-92B0-40960D7BC947}.Release|Any CPU.ActiveCfg = Release|Any CPU
		{5E3711B9-D47D-42BF-92B0-40960D7BC947}.Release|Any CPU.Build.0 = Release|Any CPU
		{5E3711B9-D47D-42BF-92B0-40960D7BC947}.Release|Any CPU.Deploy.0 = Release|Any CPU
		{5E3711B9-D47D-42BF-92B0-40960D7BC947}.Release|ARM.ActiveCfg = Release|Any CPU
		{5E3711B9-D47D-42BF-92B0-40960D7BC947}.Release|ARM.Build.0 = Release|Any CPU
		{5E3711B9-D47D-42BF-92B0-40960D7BC947}.Release|ARM.Deploy.0 = Release|Any CPU
		{5E3711B9-D47D-42BF-92B0-40960D7BC947}.Release|iPhone.ActiveCfg = Release|Any CPU
		{5E3711B9-D47D-42BF-92B0-40960D7BC947}.Release|iPhone.Build.0 = Release|Any CPU
		{5E3711B9-D47D-42BF-92B0-40960D7BC947}.Release|iPhone.Deploy.0 = Release|Any CPU
		{5E3711B9-D47D-42BF-92B0-40960D7BC947}.Release|iPhoneSimulator.ActiveCfg = Release|Any CPU
		{5E3711B9-D47D-42BF-92B0-40960D7BC947}.Release|iPhoneSimulator.Build.0 = Release|Any CPU
		{5E3711B9-D47D-42BF-92B0-40960D7BC947}.Release|iPhoneSimulator.Deploy.0 = Release|Any CPU
		{5E3711B9-D47D-42BF-92B0-40960D7BC947}.Release|x64.ActiveCfg = Release|Any CPU
		{5E3711B9-D47D-42BF-92B0-40960D7BC947}.Release|x64.Build.0 = Release|Any CPU
		{5E3711B9-D47D-42BF-92B0-40960D7BC947}.Release|x64.Deploy.0 = Release|Any CPU
		{5E3711B9-D47D-42BF-92B0-40960D7BC947}.Release|x86.ActiveCfg = Release|Any CPU
		{5E3711B9-D47D-42BF-92B0-40960D7BC947}.Release|x86.Build.0 = Release|Any CPU
		{5E3711B9-D47D-42BF-92B0-40960D7BC947}.Release|x86.Deploy.0 = Release|Any CPU
		{A236F824-DB6F-46C5-81A3-E023AD0EA591}.Ad-Hoc|Any CPU.ActiveCfg = Ad-Hoc|iPhone
		{A236F824-DB6F-46C5-81A3-E023AD0EA591}.Ad-Hoc|ARM.ActiveCfg = Ad-Hoc|iPhone
		{A236F824-DB6F-46C5-81A3-E023AD0EA591}.Ad-Hoc|iPhone.ActiveCfg = Ad-Hoc|iPhone
		{A236F824-DB6F-46C5-81A3-E023AD0EA591}.Ad-Hoc|iPhone.Build.0 = Ad-Hoc|iPhone
		{A236F824-DB6F-46C5-81A3-E023AD0EA591}.Ad-Hoc|iPhoneSimulator.ActiveCfg = Ad-Hoc|iPhoneSimulator
		{A236F824-DB6F-46C5-81A3-E023AD0EA591}.Ad-Hoc|iPhoneSimulator.Build.0 = Ad-Hoc|iPhoneSimulator
		{A236F824-DB6F-46C5-81A3-E023AD0EA591}.Ad-Hoc|x64.ActiveCfg = Ad-Hoc|iPhone
		{A236F824-DB6F-46C5-81A3-E023AD0EA591}.Ad-Hoc|x86.ActiveCfg = Ad-Hoc|iPhone
		{A236F824-DB6F-46C5-81A3-E023AD0EA591}.AppStore|Any CPU.ActiveCfg = AppStore|iPhone
		{A236F824-DB6F-46C5-81A3-E023AD0EA591}.AppStore|ARM.ActiveCfg = AppStore|iPhone
		{A236F824-DB6F-46C5-81A3-E023AD0EA591}.AppStore|iPhone.ActiveCfg = AppStore|iPhone
		{A236F824-DB6F-46C5-81A3-E023AD0EA591}.AppStore|iPhone.Build.0 = AppStore|iPhone
		{A236F824-DB6F-46C5-81A3-E023AD0EA591}.AppStore|iPhoneSimulator.ActiveCfg = AppStore|iPhoneSimulator
		{A236F824-DB6F-46C5-81A3-E023AD0EA591}.AppStore|iPhoneSimulator.Build.0 = AppStore|iPhoneSimulator
		{A236F824-DB6F-46C5-81A3-E023AD0EA591}.AppStore|x64.ActiveCfg = AppStore|iPhone
		{A236F824-DB6F-46C5-81A3-E023AD0EA591}.AppStore|x86.ActiveCfg = AppStore|iPhone
		{A236F824-DB6F-46C5-81A3-E023AD0EA591}.Debug|Any CPU.ActiveCfg = Debug|iPhone
		{A236F824-DB6F-46C5-81A3-E023AD0EA591}.Debug|ARM.ActiveCfg = Debug|iPhone
		{A236F824-DB6F-46C5-81A3-E023AD0EA591}.Debug|iPhone.ActiveCfg = Debug|iPhone
		{A236F824-DB6F-46C5-81A3-E023AD0EA591}.Debug|iPhone.Build.0 = Debug|iPhone
		{A236F824-DB6F-46C5-81A3-E023AD0EA591}.Debug|iPhoneSimulator.ActiveCfg = Debug|iPhoneSimulator
		{A236F824-DB6F-46C5-81A3-E023AD0EA591}.Debug|iPhoneSimulator.Build.0 = Debug|iPhoneSimulator
		{A236F824-DB6F-46C5-81A3-E023AD0EA591}.Debug|x64.ActiveCfg = Debug|iPhone
		{A236F824-DB6F-46C5-81A3-E023AD0EA591}.Debug|x86.ActiveCfg = Debug|iPhone
		{A236F824-DB6F-46C5-81A3-E023AD0EA591}.Release|Any CPU.ActiveCfg = Release|iPhone
		{A236F824-DB6F-46C5-81A3-E023AD0EA591}.Release|ARM.ActiveCfg = Release|iPhone
		{A236F824-DB6F-46C5-81A3-E023AD0EA591}.Release|iPhone.ActiveCfg = Release|iPhone
		{A236F824-DB6F-46C5-81A3-E023AD0EA591}.Release|iPhone.Build.0 = Release|iPhone
		{A236F824-DB6F-46C5-81A3-E023AD0EA591}.Release|iPhoneSimulator.ActiveCfg = Release|iPhoneSimulator
		{A236F824-DB6F-46C5-81A3-E023AD0EA591}.Release|iPhoneSimulator.Build.0 = Release|iPhoneSimulator
		{A236F824-DB6F-46C5-81A3-E023AD0EA591}.Release|x64.ActiveCfg = Release|iPhone
		{A236F824-DB6F-46C5-81A3-E023AD0EA591}.Release|x86.ActiveCfg = Release|iPhone
		{FF5A678F-CB5D-4747-83FE-5A82E4B577E1}.Ad-Hoc|Any CPU.ActiveCfg = Release|x86
		{FF5A678F-CB5D-4747-83FE-5A82E4B577E1}.Ad-Hoc|Any CPU.Build.0 = Release|x86
		{FF5A678F-CB5D-4747-83FE-5A82E4B577E1}.Ad-Hoc|Any CPU.Deploy.0 = Release|x86
		{FF5A678F-CB5D-4747-83FE-5A82E4B577E1}.Ad-Hoc|ARM.ActiveCfg = Release|ARM
		{FF5A678F-CB5D-4747-83FE-5A82E4B577E1}.Ad-Hoc|ARM.Build.0 = Release|ARM
		{FF5A678F-CB5D-4747-83FE-5A82E4B577E1}.Ad-Hoc|ARM.Deploy.0 = Release|ARM
		{FF5A678F-CB5D-4747-83FE-5A82E4B577E1}.Ad-Hoc|iPhone.ActiveCfg = Release|x86
		{FF5A678F-CB5D-4747-83FE-5A82E4B577E1}.Ad-Hoc|iPhone.Build.0 = Release|x86
		{FF5A678F-CB5D-4747-83FE-5A82E4B577E1}.Ad-Hoc|iPhone.Deploy.0 = Release|x86
		{FF5A678F-CB5D-4747-83FE-5A82E4B577E1}.Ad-Hoc|iPhoneSimulator.ActiveCfg = Release|x86
		{FF5A678F-CB5D-4747-83FE-5A82E4B577E1}.Ad-Hoc|iPhoneSimulator.Build.0 = Release|x86
		{FF5A678F-CB5D-4747-83FE-5A82E4B577E1}.Ad-Hoc|iPhoneSimulator.Deploy.0 = Release|x86
		{FF5A678F-CB5D-4747-83FE-5A82E4B577E1}.Ad-Hoc|x64.ActiveCfg = Release|x64
		{FF5A678F-CB5D-4747-83FE-5A82E4B577E1}.Ad-Hoc|x64.Build.0 = Release|x64
		{FF5A678F-CB5D-4747-83FE-5A82E4B577E1}.Ad-Hoc|x64.Deploy.0 = Release|x64
		{FF5A678F-CB5D-4747-83FE-5A82E4B577E1}.Ad-Hoc|x86.ActiveCfg = Release|x86
		{FF5A678F-CB5D-4747-83FE-5A82E4B577E1}.Ad-Hoc|x86.Build.0 = Release|x86
		{FF5A678F-CB5D-4747-83FE-5A82E4B577E1}.Ad-Hoc|x86.Deploy.0 = Release|x86
		{FF5A678F-CB5D-4747-83FE-5A82E4B577E1}.AppStore|Any CPU.ActiveCfg = Release|x86
		{FF5A678F-CB5D-4747-83FE-5A82E4B577E1}.AppStore|Any CPU.Build.0 = Release|x86
		{FF5A678F-CB5D-4747-83FE-5A82E4B577E1}.AppStore|Any CPU.Deploy.0 = Release|x86
		{FF5A678F-CB5D-4747-83FE-5A82E4B577E1}.AppStore|ARM.ActiveCfg = Release|ARM
		{FF5A678F-CB5D-4747-83FE-5A82E4B577E1}.AppStore|ARM.Build.0 = Release|ARM
		{FF5A678F-CB5D-4747-83FE-5A82E4B577E1}.AppStore|ARM.Deploy.0 = Release|ARM
		{FF5A678F-CB5D-4747-83FE-5A82E4B577E1}.AppStore|iPhone.ActiveCfg = Release|x86
		{FF5A678F-CB5D-4747-83FE-5A82E4B577E1}.AppStore|iPhone.Build.0 = Release|x86
		{FF5A678F-CB5D-4747-83FE-5A82E4B577E1}.AppStore|iPhone.Deploy.0 = Release|x86
		{FF5A678F-CB5D-4747-83FE-5A82E4B577E1}.AppStore|iPhoneSimulator.ActiveCfg = Release|x86
		{FF5A678F-CB5D-4747-83FE-5A82E4B577E1}.AppStore|iPhoneSimulator.Build.0 = Release|x86
		{FF5A678F-CB5D-4747-83FE-5A82E4B577E1}.AppStore|iPhoneSimulator.Deploy.0 = Release|x86
		{FF5A678F-CB5D-4747-83FE-5A82E4B577E1}.AppStore|x64.ActiveCfg = Release|x64
		{FF5A678F-CB5D-4747-83FE-5A82E4B577E1}.AppStore|x64.Build.0 = Release|x64
		{FF5A678F-CB5D-4747-83FE-5A82E4B577E1}.AppStore|x64.Deploy.0 = Release|x64
		{FF5A678F-CB5D-4747-83FE-5A82E4B577E1}.AppStore|x86.ActiveCfg = Release|x86
		{FF5A678F-CB5D-4747-83FE-5A82E4B577E1}.AppStore|x86.Build.0 = Release|x86
		{FF5A678F-CB5D-4747-83FE-5A82E4B577E1}.AppStore|x86.Deploy.0 = Release|x86
		{FF5A678F-CB5D-4747-83FE-5A82E4B577E1}.Debug|Any CPU.ActiveCfg = Debug|x86
		{FF5A678F-CB5D-4747-83FE-5A82E4B577E1}.Debug|ARM.ActiveCfg = Debug|ARM
		{FF5A678F-CB5D-4747-83FE-5A82E4B577E1}.Debug|ARM.Build.0 = Debug|ARM
		{FF5A678F-CB5D-4747-83FE-5A82E4B577E1}.Debug|ARM.Deploy.0 = Debug|ARM
		{FF5A678F-CB5D-4747-83FE-5A82E4B577E1}.Debug|iPhone.ActiveCfg = Debug|x86
		{FF5A678F-CB5D-4747-83FE-5A82E4B577E1}.Debug|iPhoneSimulator.ActiveCfg = Debug|x86
		{FF5A678F-CB5D-4747-83FE-5A82E4B577E1}.Debug|x64.ActiveCfg = Debug|x64
		{FF5A678F-CB5D-4747-83FE-5A82E4B577E1}.Debug|x64.Build.0 = Debug|x64
		{FF5A678F-CB5D-4747-83FE-5A82E4B577E1}.Debug|x64.Deploy.0 = Debug|x64
		{FF5A678F-CB5D-4747-83FE-5A82E4B577E1}.Debug|x86.ActiveCfg = Debug|x86
		{FF5A678F-CB5D-4747-83FE-5A82E4B577E1}.Debug|x86.Build.0 = Debug|x86
		{FF5A678F-CB5D-4747-83FE-5A82E4B577E1}.Debug|x86.Deploy.0 = Debug|x86
		{FF5A678F-CB5D-4747-83FE-5A82E4B577E1}.Release|Any CPU.ActiveCfg = Release|x86
		{FF5A678F-CB5D-4747-83FE-5A82E4B577E1}.Release|ARM.ActiveCfg = Release|ARM
		{FF5A678F-CB5D-4747-83FE-5A82E4B577E1}.Release|ARM.Build.0 = Release|ARM
		{FF5A678F-CB5D-4747-83FE-5A82E4B577E1}.Release|ARM.Deploy.0 = Release|ARM
		{FF5A678F-CB5D-4747-83FE-5A82E4B577E1}.Release|iPhone.ActiveCfg = Release|x86
		{FF5A678F-CB5D-4747-83FE-5A82E4B577E1}.Release|iPhoneSimulator.ActiveCfg = Release|x86
		{FF5A678F-CB5D-4747-83FE-5A82E4B577E1}.Release|x64.ActiveCfg = Release|x64
		{FF5A678F-CB5D-4747-83FE-5A82E4B577E1}.Release|x64.Build.0 = Release|x64
		{FF5A678F-CB5D-4747-83FE-5A82E4B577E1}.Release|x64.Deploy.0 = Release|x64
		{FF5A678F-CB5D-4747-83FE-5A82E4B577E1}.Release|x86.ActiveCfg = Release|x86
		{FF5A678F-CB5D-4747-83FE-5A82E4B577E1}.Release|x86.Build.0 = Release|x86
		{FF5A678F-CB5D-4747-83FE-5A82E4B577E1}.Release|x86.Deploy.0 = Release|x86
	EndGlobalSection
	GlobalSection(SolutionProperties) = preSolution
		HideSolutionNode = FALSE
	EndGlobalSection
	GlobalSection(ExtensibilityGlobals) = postSolution
		SolutionGuid = {5A8BD0DC-1785-4A03-B534-91F3C4581D34}
	EndGlobalSection
EndGlobal
